
Microsoft Visual Studio Solution File, Format Version 12.00
# Visual Studio 15
VisualStudioVersion = 15.0.27130.2027
MinimumVisualStudioVersion = 10.0.40219.1
Project("{FAE04EC0-301F-11D3-BF4B-00C04F79EFBC}") = "LinkShortener", "LinkShortener\LinkShortener.csproj", "{5F51484A-B7DE-42E3-A3C9-A498A8501632}"
EndProject
Global
	GlobalSection(SolutionConfigurationPlatforms) = preSolution
		Debug|Any CPU = Debug|Any CPU
		Release|Any CPU = Release|Any CPU
	EndGlobalSection
	GlobalSection(ProjectConfigurationPlatforms) = postSolution
		{5F51484A-B7DE-42E3-A3C9-A498A8501632}.Debug|Any CPU.ActiveCfg = Debug|Any CPU
		{5F51484A-B7DE-42E3-A3C9-A498A8501632}.Debug|Any CPU.Build.0 = Debug|Any CPU
		{5F51484A-B7DE-42E3-A3C9-A498A8501632}.Release|Any CPU.ActiveCfg = Release|Any CPU
		{5F51484A-B7DE-42E3-A3C9-A498A8501632}.Release|Any CPU.Build.0 = Release|Any CPU
	EndGlobalSection
	GlobalSection(SolutionProperties) = preSolution
		HideSolutionNode = FALSE
	EndGlobalSection
	GlobalSection(ExtensibilityGlobals) = postSolution
		SolutionGuid = {29987599-ADE5-4AC6-9BC9-68BA4E0F083E}
	EndGlobalSection
EndGlobal
